
Microsoft Visual Studio Solution File, Format Version 12.00
# Visual Studio Version 16
VisualStudioVersion = 16.0.29926.136
MinimumVisualStudioVersion = 10.0.40219.1
Project("{FAE04EC0-301F-11D3-BF4B-00C04F79EFBC}") = "Udemy_Calculator", "Udemy_Calculator\Udemy_Calculator.csproj", "{CE619BD7-3012-4459-AC79-E7942B56E99A}"
EndProject
Global
	GlobalSection(SolutionConfigurationPlatforms) = preSolution
		Debug|Any CPU = Debug|Any CPU
		Release|Any CPU = Release|Any CPU
	EndGlobalSection
	GlobalSection(ProjectConfigurationPlatforms) = postSolution
		{CE619BD7-3012-4459-AC79-E7942B56E99A}.Debug|Any CPU.ActiveCfg = Debug|Any CPU
		{CE619BD7-3012-4459-AC79-E7942B56E99A}.Debug|Any CPU.Build.0 = Debug|Any CPU
		{CE619BD7-3012-4459-AC79-E7942B56E99A}.Release|Any CPU.ActiveCfg = Release|Any CPU
		{CE619BD7-3012-4459-AC79-E7942B56E99A}.Release|Any CPU.Build.0 = Release|Any CPU
	EndGlobalSection
	GlobalSection(SolutionProperties) = preSolution
		HideSolutionNode = FALSE
	EndGlobalSection
	GlobalSection(ExtensibilityGlobals) = postSolution
		SolutionGuid = {15AB80E2-E158-4BB8-B707-A729E7B580D6}
	EndGlobalSection
EndGlobal
